
Microsoft Visual Studio Solution File, Format Version 12.00
# Visual Studio 14
VisualStudioVersion = 14.0.25420.1
MinimumVisualStudioVersion = 10.0.40219.1
Project("{F2A71F9B-5D33-465A-A702-920D77279786}") = "ProtoWorkspace", "ProtoWorkspace\ProtoWorkspace.fsproj", "{31C9D72F-6B95-4280-9ABF-B97E421FF49D}"
EndProject
Project("{2150E333-8FDC-42A3-9474-1A3956D46DE8}") = "Solution Items", "Solution Items", "{2E286A42-DBB8-4C4C-A9F2-DCA7FA73C44A}"
	ProjectSection(SolutionItems) = preProject
		.gitignore = .gitignore
		paket.dependencies = paket.dependencies
		paket.lock = paket.lock
		reference.md = reference.md
	EndProjectSection
EndProject
Project("{2150E333-8FDC-42A3-9474-1A3956D46DE8}") = "Data", "Data", "{B8CADD49-9C2A-4983-A09A-6DC8F6704A44}"
	ProjectSection(SolutionItems) = preProject
		data\module_001.fs = data\module_001.fs
		data\module_002.fs = data\module_002.fs
		data\script_001.fsx = data\script_001.fsx
		data\script_002.fsx = data\script_002.fsx
		data\sig_001.fsi = data\sig_001.fsi
		data\sig_002.fsi = data\sig_002.fsi
	EndProjectSection
EndProject
Project("{2150E333-8FDC-42A3-9474-1A3956D46DE8}") = "Projects", "Projects", "{C0D364E2-E301-48BF-AB78-83F99C39FF4A}"
	ProjectSection(SolutionItems) = preProject
		data\projects\Library1\Library1.fsproj = data\projects\Library1\Library1.fsproj
		data\projects\Library2\Library2.fsproj = data\projects\Library2\Library2.fsproj
	EndProjectSection
EndProject
Global
	GlobalSection(SolutionConfigurationPlatforms) = preSolution
		Debug|Any CPU = Debug|Any CPU
		Release|Any CPU = Release|Any CPU
	EndGlobalSection
	GlobalSection(ProjectConfigurationPlatforms) = postSolution
		{31C9D72F-6B95-4280-9ABF-B97E421FF49D}.Debug|Any CPU.ActiveCfg = Debug|Any CPU
		{31C9D72F-6B95-4280-9ABF-B97E421FF49D}.Debug|Any CPU.Build.0 = Debug|Any CPU
		{31C9D72F-6B95-4280-9ABF-B97E421FF49D}.Release|Any CPU.ActiveCfg = Release|Any CPU
		{31C9D72F-6B95-4280-9ABF-B97E421FF49D}.Release|Any CPU.Build.0 = Release|Any CPU
	EndGlobalSection
	GlobalSection(SolutionProperties) = preSolution
		HideSolutionNode = FALSE
	EndGlobalSection
	GlobalSection(NestedProjects) = preSolution
		{C0D364E2-E301-48BF-AB78-83F99C39FF4A} = {B8CADD49-9C2A-4983-A09A-6DC8F6704A44}
	EndGlobalSection
EndGlobal
